{
  "version": 4,
  "terraform_version": "1.6.6",
  "serial": 114,
  "lineage": "59386b2d-ef95-6ed9-a0b6-3fce456d86e4",
  "outputs": {},
  "resources": [
    {
      "mode": "data",
      "type": "terraform_remote_state",
      "name": "nautible_aws_platform",
      "provider": "provider[\"terraform.io/builtin/terraform\"]",
      "instances": [
        {
          "schema_version": 0,
          "attributes": {
            "backend": "s3",
            "config": {
              "value": {
                "bucket": "nautible-dev-platform-tf-ap-northeast-1",
                "key": "nautible-dev-platform.tfstate",
                "region": "ap-northeast-1"
              },
              "type": [
                "object",
                {
                  "bucket": "string",
                  "key": "string",
                  "region": "string"
                }
              ]
            },
            "defaults": null,
            "outputs": {
              "value": {
                "eks": {
                  "nautible-dev-cluster-v1_29": {
                    "albc": {
                      "role_arn": "arn:aws:iam::324837360224:role/nautible-dev-cluster-v1_29-AmazonEKSLoadBalancerControllerRole",
                      "security_group_id": "sg-036cf8494fbad07b5",
                      "security_group_name": "nautible-dev-cluster-v1_29-albc-sg"
                    },
                    "cluster": {
                      "name": "nautible-dev-cluster-v1_29",
                      "primary_security_group_id": "sg-0faca7abea8818ff9"
                    },
                    "karpenter": {
                      "queue_name": "Karpenter-nautible-dev-cluster-v1_29"
                    },
                    "node": {
                      "role_name": "nautible-dev-cluster-v1_29-AmazonEKSNodeRole",
                      "security_group_id": "sg-07469101841467b3d"
                    },
                    "oidc": {
                      "provider_arn": "arn:aws:iam::324837360224:oidc-provider/oidc.eks.ap-northeast-1.amazonaws.com/id/6E62D9B4613C9028355BD12F2F031390"
                    }
                  }
                },
                "pjname": "nautible-dev",
                "route53": {
                  "private_zone_id": "Z00238161HH7D931IK6N6",
                  "private_zone_name": "vpc.nautible-dev.com",
                  "zone_id": "Z1043077RJTAB50V5WRM",
                  "zone_name": "nautible-dev.com"
                },
                "vpc": {
                  "private_subnet_arns": [
                    "arn:aws:ec2:ap-northeast-1:324837360224:subnet/subnet-015b53e7747c78939",
                    "arn:aws:ec2:ap-northeast-1:324837360224:subnet/subnet-06d396127d9983e95"
                  ],
                  "private_subnets": [
                    "subnet-015b53e7747c78939",
                    "subnet-06d396127d9983e95"
                  ],
                  "public_subnets": [
                    "subnet-015b53e7747c78939",
                    "subnet-06d396127d9983e95"
                  ],
                  "vpc_id": "vpc-049f0f44c02dc9ee4"
                }
              },
              "type": [
                "object",
                {
                  "eks": [
                    "object",
                    {
                      "nautible-dev-cluster-v1_29": [
                        "object",
                        {
                          "albc": [
                            "object",
                            {
                              "role_arn": "string",
                              "security_group_id": "string",
                              "security_group_name": "string"
                            }
                          ],
                          "cluster": [
                            "object",
                            {
                              "name": "string",
                              "primary_security_group_id": "string"
                            }
                          ],
                          "karpenter": [
                            "object",
                            {
                              "queue_name": "string"
                            }
                          ],
                          "node": [
                            "object",
                            {
                              "role_name": "string",
                              "security_group_id": "string"
                            }
                          ],
                          "oidc": [
                            "object",
                            {
                              "provider_arn": "string"
                            }
                          ]
                        }
                      ]
                    }
                  ],
                  "pjname": "string",
                  "route53": [
                    "object",
                    {
                      "private_zone_id": "string",
                      "private_zone_name": "string",
                      "zone_id": "string",
                      "zone_name": "string"
                    }
                  ],
                  "vpc": [
                    "object",
                    {
                      "private_subnet_arns": [
                        "tuple",
                        [
                          "string",
                          "string"
                        ]
                      ],
                      "private_subnets": [
                        "tuple",
                        [
                          "string",
                          "string"
                        ]
                      ],
                      "public_subnets": [
                        "tuple",
                        [
                          "string",
                          "string"
                        ]
                      ],
                      "vpc_id": "string"
                    }
                  ]
                }
              ]
            },
            "workspace": null
          },
          "sensitive_attributes": []
        }
      ]
    },
    {
      "module": "module.nautible_aws_app.module.common",
      "mode": "data",
      "type": "aws_caller_identity",
      "name": "self",
      "provider": "provider[\"registry.terraform.io/hashicorp/aws\"]",
      "instances": [
        {
          "schema_version": 0,
          "attributes": {
            "account_id": "324837360224",
            "arn": "arn:aws:sts::324837360224:assumed-role/DeveloperRole/test",
            "id": "324837360224",
            "user_id": "AROAUXIOQYJQMNLJY72S5:test"
          },
          "sensitive_attributes": []
        }
      ]
    },
    {
      "module": "module.nautible_aws_app.module.common",
      "mode": "managed",
      "type": "aws_dynamodb_table",
      "name": "sequence",
      "provider": "provider[\"registry.terraform.io/hashicorp/aws\"]",
      "instances": [
        {
          "schema_version": 1,
          "attributes": {
            "arn": "arn:aws:dynamodb:ap-northeast-1:324837360224:table/Sequence",
            "attribute": [
              {
                "name": "Name",
                "type": "S"
              }
            ],
            "billing_mode": "PROVISIONED",
            "deletion_protection_enabled": false,
            "global_secondary_index": [],
            "hash_key": "Name",
            "id": "Sequence",
            "import_table": [],
            "local_secondary_index": [],
            "name": "Sequence",
            "point_in_time_recovery": [
              {
                "enabled": false
              }
            ],
            "range_key": null,
            "read_capacity": 1,
            "replica": [],
            "restore_date_time": null,
            "restore_source_name": null,
            "restore_to_latest_time": null,
            "server_side_encryption": [],
            "stream_arn": "",
            "stream_enabled": false,
            "stream_label": "",
            "stream_view_type": "",
            "table_class": "STANDARD",
            "tags": null,
            "tags_all": {},
            "timeouts": null,
            "ttl": [
              {
                "attribute_name": "",
                "enabled": false
              }
            ],
            "write_capacity": 1
          },
          "sensitive_attributes": [],
          "private": "eyJlMmJmYjczMC1lY2FhLTExZTYtOGY4OC0zNDM2M2JjN2M0YzAiOnsiY3JlYXRlIjoxODAwMDAwMDAwMDAwLCJkZWxldGUiOjYwMDAwMDAwMDAwMCwidXBkYXRlIjozNjAwMDAwMDAwMDAwfSwic2NoZW1hX3ZlcnNpb24iOiIxIn0="
        }
      ]
    },
    {
      "module": "module.nautible_aws_app.module.common",
      "mode": "managed",
      "type": "aws_dynamodb_table_item",
      "name": "sequence_initial_data",
      "provider": "provider[\"registry.terraform.io/hashicorp/aws\"]",
      "instances": [
        {
          "index_key": "item1",
          "schema_version": 0,
          "attributes": {
            "hash_key": "Name",
            "id": "Sequence|Name||Customer|",
            "item": "{\n  \"Name\": {\"S\": \"Customer\"},\n  \"SequenceNumber\": {\"N\": \"0\"}\n}\n",
            "range_key": null,
            "table_name": "Sequence"
          },
          "sensitive_attributes": [],
          "private": "bnVsbA==",
          "dependencies": [
            "module.nautible_aws_app.module.common.aws_dynamodb_table.sequence"
          ]
        },
        {
          "index_key": "item2",
          "schema_version": 0,
          "attributes": {
            "hash_key": "Name",
            "id": "Sequence|Name||Stock|",
            "item": "{\n  \"Name\": {\"S\": \"Stock\"},\n  \"SequenceNumber\": {\"N\": \"0\"}\n}\n",
            "range_key": null,
            "table_name": "Sequence"
          },
          "sensitive_attributes": [],
          "private": "bnVsbA==",
          "dependencies": [
            "module.nautible_aws_app.module.common.aws_dynamodb_table.sequence"
          ]
        },
        {
          "index_key": "item3",
          "schema_version": 0,
          "attributes": {
            "hash_key": "Name",
            "id": "Sequence|Name||Order|",
            "item": "{\n  \"Name\": {\"S\": \"Order\"},\n  \"SequenceNumber\": {\"N\": \"0\"}\n}\n",
            "range_key": null,
            "table_name": "Sequence"
          },
          "sensitive_attributes": [],
          "private": "bnVsbA==",
          "dependencies": [
            "module.nautible_aws_app.module.common.aws_dynamodb_table.sequence"
          ]
        },
        {
          "index_key": "item4",
          "schema_version": 0,
          "attributes": {
            "hash_key": "Name",
            "id": "Sequence|Name||StockAllocateHistory|",
            "item": "{\n  \"Name\": {\"S\": \"StockAllocateHistory\"},\n  \"SequenceNumber\": {\"N\": \"0\"}\n}\n",
            "range_key": null,
            "table_name": "Sequence"
          },
          "sensitive_attributes": [],
          "private": "bnVsbA==",
          "dependencies": [
            "module.nautible_aws_app.module.common.aws_dynamodb_table.sequence"
          ]
        }
      ]
    },
    {
      "module": "module.nautible_aws_app.module.common",
      "mode": "managed",
      "type": "aws_iam_role",
      "name": "app_secret_access_role",
      "provider": "provider[\"registry.terraform.io/hashicorp/aws\"]",
      "instances": [
        {
          "schema_version": 0,
          "attributes": {
            "arn": "arn:aws:iam::324837360224:role/nautible-app-dev-app-secret-access-role",
            "assume_role_policy": "{\"Statement\":[{\"Action\":\"sts:AssumeRoleWithWebIdentity\",\"Effect\":\"Allow\",\"Principal\":{\"Federated\":[\"arn:aws:iam::324837360224:oidc-provider/oidc.eks.ap-northeast-1.amazonaws.com/id/6E62D9B4613C9028355BD12F2F031390\"]}}],\"Version\":\"2012-10-17\"}",
            "create_date": "2024-09-06T01:43:02Z",
            "description": "",
            "force_detach_policies": false,
            "id": "nautible-app-dev-app-secret-access-role",
            "inline_policy": [],
            "managed_policy_arns": [],
            "max_session_duration": 3600,
            "name": "nautible-app-dev-app-secret-access-role",
            "name_prefix": "",
            "path": "/",
            "permissions_boundary": "",
            "tags": null,
            "tags_all": {},
            "unique_id": "AROAUXIOQYJQHYCCFLUXD"
          },
          "sensitive_attributes": [],
          "private": "bnVsbA==",
          "dependencies": [
            "data.terraform_remote_state.nautible_aws_platform"
          ]
        }
      ]
    },
    {
      "module": "module.nautible_aws_app.module.common",
      "mode": "managed",
      "type": "aws_iam_role_policy",
      "name": "app_policy",
      "provider": "provider[\"registry.terraform.io/hashicorp/aws\"]",
      "instances": [
        {
          "index_key": "nautible-dev-cluster-v1_29",
          "schema_version": 0,
          "attributes": {
            "id": "nautible-dev-cluster-v1_29-AmazonEKSNodeRole:nautible-dev-cluster-v1_29-eks-app-policy",
            "name": "nautible-dev-cluster-v1_29-eks-app-policy",
            "name_prefix": "",
            "policy": "{\"Version\":\"2012-10-17\",\"Statement\":[{\"Action\":[\"dynamodb:BatchGetItem\",\"dynamodb:BatchWriteItem\",\"dynamodb:PutItem\",\"dynamodb:DeleteItem\",\"dynamodb:PartiQLUpdate\",\"dynamodb:Scan\",\"dynamodb:Query\",\"dynamodb:UpdateItem\",\"dynamodb:ListStreams\",\"dynamodb:PartiQLSelect\",\"dynamodb:GetShardIterator\",\"dynamodb:PartiQLInsert\",\"dynamodb:GetItem\",\"dynamodb:GetRecords\",\"dynamodb:PartiQLDelete\"],\"Effect\":\"Allow\",\"Resource\":\"*\",\"Sid\":\"Dynamodb\"},{\"Action\":[\"secretsmanager:GetResourcePolicy\",\"secretsmanager:GetSecretValue\",\"secretsmanager:DescribeSecret\",\"secretsmanager:ListSecretVersionIds\"],\"Effect\":\"Allow\",\"Resource\":\"arn:aws:secretsmanager:*:324837360224:secret:nautible-*\"},{\"Action\":\"ssm:GetParameter\",\"Effect\":\"Allow\",\"Resource\":\"arn:aws:ssm:*:324837360224:parameter/sample-*\"},{\"Action\":\"ssm:GetParameter\",\"Effect\":\"Allow\",\"Resource\":\"arn:aws:ssm:*:324837360224:parameter/nautible-*\"},{\"Action\":[\"SQS:SendMessage\",\"SQS:SendMessageBatch\",\"SQS:ReceiveMessage\",\"SQS:DeleteMessage\"],\"Effect\":\"Allow\",\"Resource\":\"*\"},{\"Action\":[\"SQS:ChangeMessageVisibility\",\"SQS:CreateQueue\",\"SQS:SendMessage\",\"SQS:SendMessageBatch\",\"SQS:ReceiveMessage\",\"SQS:DeleteMessage\",\"SQS:DeleteMessageBatch\",\"SQS:GetQueueAttributes\",\"SQS:GetQueueUrl\",\"SQS:SetQueueAttributes\",\"SQS:TagQueue\"],\"Effect\":\"Allow\",\"Resource\":\"*\",\"Sid\":\"DaprPubsubSqs\"},{\"Action\":[\"SNS:ListTopics\",\"SNS:ListSubscriptionsByTopic\",\"SNS:GetTopicAttributes\",\"SNS:CreateTopic\",\"SNS:Subscribe\",\"SNS:Publish\",\"SNS:TagResource\"],\"Effect\":\"Allow\",\"Resource\":\"*\",\"Sid\":\"DaprPubsubSns\"}]}",
            "role": "nautible-dev-cluster-v1_29-AmazonEKSNodeRole"
          },
          "sensitive_attributes": [],
          "private": "bnVsbA==",
          "dependencies": [
            "data.terraform_remote_state.nautible_aws_platform",
            "module.nautible_aws_app.module.common.data.aws_caller_identity.self"
          ]
        }
      ]
    },
    {
      "module": "module.nautible_aws_app.module.common",
      "mode": "managed",
      "type": "aws_iam_role_policy",
      "name": "app_secret_access_role_policy",
      "provider": "provider[\"registry.terraform.io/hashicorp/aws\"]",
      "instances": [
        {
          "schema_version": 0,
          "attributes": {
            "id": "nautible-app-dev-app-secret-access-role:nautible-app-dev-app-secret-access-role-policy",
            "name": "nautible-app-dev-app-secret-access-role-policy",
            "name_prefix": "",
            "policy": "{\"Version\":\"2012-10-17\",\"Statement\":[{\"Action\":[\"secretsmanager:GetResourcePolicy\",\"secretsmanager:GetSecretValue\",\"secretsmanager:DescribeSecret\",\"secretsmanager:ListSecretVersionIds\"],\"Effect\":\"Allow\",\"Resource\":[\"arn:aws:secretsmanager:ap-northeast-1:324837360224:secret:nautible-app-ms-*\"]}]}",
            "role": "nautible-app-dev-app-secret-access-role"
          },
          "sensitive_attributes": [],
          "private": "bnVsbA==",
          "dependencies": [
            "data.terraform_remote_state.nautible_aws_platform",
            "module.nautible_aws_app.module.common.aws_iam_role.app_secret_access_role",
            "module.nautible_aws_app.module.common.data.aws_caller_identity.self"
          ]
        }
      ]
    },
    {
      "module": "module.nautible_aws_app.module.common",
      "mode": "managed",
      "type": "random_id",
      "name": "app_policy_random",
      "provider": "provider[\"registry.terraform.io/hashicorp/random\"]",
      "instances": [
        {
          "schema_version": 0,
          "attributes": {
            "b64_std": "6cS5JpvCvfY=",
            "b64_url": "6cS5JpvCvfY",
            "byte_length": 8,
            "dec": "16844792081745624566",
            "hex": "e9c4b9269bc2bdf6",
            "id": "6cS5JpvCvfY",
            "keepers": null,
            "prefix": null
          },
          "sensitive_attributes": []
        }
      ]
    },
    {
      "module": "module.nautible_aws_app.module.customer",
      "mode": "managed",
      "type": "aws_dynamodb_table",
      "name": "customer",
      "provider": "provider[\"registry.terraform.io/hashicorp/aws\"]",
      "instances": [
        {
          "schema_version": 1,
          "attributes": {
            "arn": "arn:aws:dynamodb:ap-northeast-1:324837360224:table/Customer",
            "attribute": [
              {
                "name": "Id",
                "type": "N"
              }
            ],
            "billing_mode": "PROVISIONED",
            "deletion_protection_enabled": false,
            "global_secondary_index": [],
            "hash_key": "Id",
            "id": "Customer",
            "import_table": [],
            "local_secondary_index": [],
            "name": "Customer",
            "point_in_time_recovery": [
              {
                "enabled": false
              }
            ],
            "range_key": null,
            "read_capacity": 1,
            "replica": [],
            "restore_date_time": null,
            "restore_source_name": null,
            "restore_to_latest_time": null,
            "server_side_encryption": [],
            "stream_arn": "",
            "stream_enabled": false,
            "stream_label": "",
            "stream_view_type": "",
            "table_class": "STANDARD",
            "tags": null,
            "tags_all": {},
            "timeouts": null,
            "ttl": [
              {
                "attribute_name": "",
                "enabled": false
              }
            ],
            "write_capacity": 1
          },
          "sensitive_attributes": [],
          "private": "eyJlMmJmYjczMC1lY2FhLTExZTYtOGY4OC0zNDM2M2JjN2M0YzAiOnsiY3JlYXRlIjoxODAwMDAwMDAwMDAwLCJkZWxldGUiOjYwMDAwMDAwMDAwMCwidXBkYXRlIjozNjAwMDAwMDAwMDAwfSwic2NoZW1hX3ZlcnNpb24iOiIxIn0="
        }
      ]
    },
    {
      "module": "module.nautible_aws_app.module.customer",
      "mode": "managed",
      "type": "aws_ecrpublic_repository",
      "name": "ecr_customer",
      "provider": "module.nautible_aws_app.module.customer.provider[\"registry.terraform.io/hashicorp/aws\"].us_east_1",
      "instances": [
        {
          "schema_version": 0,
          "attributes": {
            "arn": "arn:aws:ecr-public::324837360224:repository/nautible-app-ms-customer",
            "catalog_data": [
              {
                "about_text": null,
                "architectures": null,
                "description": null,
                "logo_image_blob": null,
                "operating_systems": null,
                "usage_text": null
              }
            ],
            "force_destroy": false,
            "id": "nautible-app-ms-customer",
            "registry_id": "324837360224",
            "repository_name": "nautible-app-ms-customer",
            "repository_uri": "public.ecr.aws/nautible/nautible-app-ms-customer",
            "tags": null,
            "tags_all": {},
            "timeouts": null
          },
          "sensitive_attributes": [],
          "private": "eyJlMmJmYjczMC1lY2FhLTExZTYtOGY4OC0zNDM2M2JjN2M0YzAiOnsiZGVsZXRlIjoxMjAwMDAwMDAwMDAwfX0="
        }
      ]
    },
    {
      "module": "module.nautible_aws_app.module.delivery",
      "mode": "managed",
      "type": "aws_dynamodb_table",
      "name": "delivery",
      "provider": "provider[\"registry.terraform.io/hashicorp/aws\"]",
      "instances": [
        {
          "schema_version": 1,
          "attributes": {
            "arn": "arn:aws:dynamodb:ap-northeast-1:324837360224:table/Delivery",
            "attribute": [
              {
                "name": "DeliveryNo",
                "type": "S"
              }
            ],
            "billing_mode": "PROVISIONED",
            "deletion_protection_enabled": false,
            "global_secondary_index": [],
            "hash_key": "DeliveryNo",
            "id": "Delivery",
            "import_table": [],
            "local_secondary_index": [],
            "name": "Delivery",
            "point_in_time_recovery": [
              {
                "enabled": false
              }
            ],
            "range_key": null,
            "read_capacity": 1,
            "replica": [],
            "restore_date_time": null,
            "restore_source_name": null,
            "restore_to_latest_time": null,
            "server_side_encryption": [],
            "stream_arn": "",
            "stream_enabled": false,
            "stream_label": "",
            "stream_view_type": "",
            "table_class": "STANDARD",
            "tags": null,
            "tags_all": {},
            "timeouts": null,
            "ttl": [
              {
                "attribute_name": "",
                "enabled": false
              }
            ],
            "write_capacity": 1
          },
          "sensitive_attributes": [],
          "private": "eyJlMmJmYjczMC1lY2FhLTExZTYtOGY4OC0zNDM2M2JjN2M0YzAiOnsiY3JlYXRlIjoxODAwMDAwMDAwMDAwLCJkZWxldGUiOjYwMDAwMDAwMDAwMCwidXBkYXRlIjozNjAwMDAwMDAwMDAwfSwic2NoZW1hX3ZlcnNpb24iOiIxIn0="
        }
      ]
    },
    {
      "module": "module.nautible_aws_app.module.order",
      "mode": "data",
      "type": "aws_ssm_parameter",
      "name": "order_elasticache_password",
      "provider": "provider[\"registry.terraform.io/hashicorp/aws\"]",
      "instances": [
        {
          "schema_version": 0,
          "attributes": {
            "arn": "arn:aws:ssm:ap-northeast-1:324837360224:parameter/nautible-app-ms-order-elasticache-password",
            "id": "nautible-app-ms-order-elasticache-password",
            "insecure_value": "vxjqhHnvn8w38B6c",
            "name": "nautible-app-ms-order-elasticache-password",
            "type": "String",
            "value": "vxjqhHnvn8w38B6c",
            "version": 1,
            "with_decryption": true
          },
          "sensitive_attributes": []
        }
      ]
    },
    {
      "module": "module.nautible_aws_app.module.order",
      "mode": "managed",
      "type": "aws_dynamodb_table",
      "name": "order",
      "provider": "provider[\"registry.terraform.io/hashicorp/aws\"]",
      "instances": [
        {
          "schema_version": 1,
          "attributes": {
            "arn": "arn:aws:dynamodb:ap-northeast-1:324837360224:table/Order",
            "attribute": [
              {
                "name": "CustomerId",
                "type": "N"
              },
              {
                "name": "OrderNo",
                "type": "S"
              }
            ],
            "billing_mode": "PROVISIONED",
            "deletion_protection_enabled": false,
            "global_secondary_index": [
              {
                "hash_key": "CustomerId",
                "name": "GSI-CustomerId",
                "non_key_attributes": [],
                "projection_type": "ALL",
                "range_key": "OrderNo",
                "read_capacity": 1,
                "write_capacity": 1
              }
            ],
            "hash_key": "OrderNo",
            "id": "Order",
            "import_table": [],
            "local_secondary_index": [],
            "name": "Order",
            "point_in_time_recovery": [
              {
                "enabled": false
              }
            ],
            "range_key": null,
            "read_capacity": 1,
            "replica": [],
            "restore_date_time": null,
            "restore_source_name": null,
            "restore_to_latest_time": null,
            "server_side_encryption": [],
            "stream_arn": "",
            "stream_enabled": false,
            "stream_label": "",
            "stream_view_type": "",
            "table_class": "STANDARD",
            "tags": null,
            "tags_all": {},
            "timeouts": null,
            "ttl": [
              {
                "attribute_name": "",
                "enabled": false
              }
            ],
            "write_capacity": 1
          },
          "sensitive_attributes": [],
          "private": "eyJlMmJmYjczMC1lY2FhLTExZTYtOGY4OC0zNDM2M2JjN2M0YzAiOnsiY3JlYXRlIjoxODAwMDAwMDAwMDAwLCJkZWxldGUiOjYwMDAwMDAwMDAwMCwidXBkYXRlIjozNjAwMDAwMDAwMDAwfSwic2NoZW1hX3ZlcnNpb24iOiIxIn0="
        }
      ]
    },
    {
      "module": "module.nautible_aws_app.module.order",
      "mode": "managed",
      "type": "aws_elasticache_cluster",
      "name": "order_elasticache",
      "provider": "provider[\"registry.terraform.io/hashicorp/aws\"]",
      "instances": [
        {
          "status": "tainted",
          "schema_version": 0,
          "attributes": {
            "apply_immediately": null,
            "arn": null,
            "auto_minor_version_upgrade": "true",
            "availability_zone": null,
            "az_mode": null,
            "cache_nodes": null,
            "cluster_address": null,
            "cluster_id": "order-statestore",
            "configuration_endpoint": null,
            "engine": null,
            "engine_version": null,
            "engine_version_actual": null,
            "final_snapshot_identifier": null,
            "id": "order-statestore",
            "ip_discovery": null,
            "log_delivery_configuration": [],
            "maintenance_window": null,
            "network_type": null,
            "node_type": null,
            "notification_topic_arn": null,
            "num_cache_nodes": null,
            "outpost_mode": null,
            "parameter_group_name": null,
            "port": null,
            "preferred_availability_zones": null,
            "preferred_outpost_arn": null,
            "replication_group_id": "order-statestore",
            "security_group_ids": [],
            "snapshot_arns": null,
            "snapshot_name": null,
            "snapshot_retention_limit": null,
            "snapshot_window": null,
            "subnet_group_name": null,
            "tags": null,
            "tags_all": null,
            "transit_encryption_enabled": null
          },
          "sensitive_attributes": [],
          "private": "bnVsbA==",
          "dependencies": [
            "data.terraform_remote_state.nautible_aws_platform",
            "module.nautible_aws_app.module.order.aws_elasticache_replication_group.order_elasticache_replication_group",
            "module.nautible_aws_app.module.order.aws_elasticache_subnet_group.order_elasticache_subnet_group",
            "module.nautible_aws_app.module.order.aws_security_group.order_elasticache_sg",
            "module.nautible_aws_app.module.order.data.aws_ssm_parameter.order_elasticache_password"
          ]
        }
      ]
    },
    {
      "module": "module.nautible_aws_app.module.order",
      "mode": "managed",
      "type": "aws_elasticache_replication_group",
      "name": "order_elasticache_replication_group",
      "provider": "provider[\"registry.terraform.io/hashicorp/aws\"]",
      "instances": [
        {
          "schema_version": 2,
          "attributes": {
            "apply_immediately": null,
            "arn": "arn:aws:elasticache:ap-northeast-1:324837360224:replicationgroup:order-statestore",
            "at_rest_encryption_enabled": false,
            "auth_token": "vxjqhHnvn8w38B6c",
            "auth_token_update_strategy": "ROTATE",
            "auto_minor_version_upgrade": "true",
            "automatic_failover_enabled": false,
            "cluster_enabled": false,
            "configuration_endpoint_address": null,
            "data_tiering_enabled": false,
            "description": "order statestore",
            "engine": "redis",
            "engine_version": "7.1",
            "engine_version_actual": "7.1.0",
            "final_snapshot_identifier": null,
            "global_replication_group_id": null,
            "id": "order-statestore",
            "ip_discovery": "ipv4",
            "kms_key_id": "",
            "log_delivery_configuration": [],
            "maintenance_window": "mon:14:00-mon:15:00",
            "member_clusters": [
              "order-statestore-001"
            ],
            "multi_az_enabled": false,
            "network_type": "ipv4",
            "node_type": "cache.t4g.micro",
            "notification_topic_arn": null,
            "num_cache_clusters": 1,
            "num_node_groups": 1,
            "parameter_group_name": "default.redis7",
            "port": 6379,
            "preferred_cache_cluster_azs": null,
            "primary_endpoint_address": "master.order-statestore.6furdf.apne1.cache.amazonaws.com",
            "reader_endpoint_address": "replica.order-statestore.6furdf.apne1.cache.amazonaws.com",
            "replicas_per_node_group": 0,
            "replication_group_id": "order-statestore",
            "security_group_ids": [
              "sg-0d3f6cfd3e845951d"
            ],
            "security_group_names": [],
            "snapshot_arns": null,
            "snapshot_name": null,
            "snapshot_retention_limit": 0,
            "snapshot_window": "17:00-18:00",
            "subnet_group_name": "order-elasticache-subnet-group",
            "tags": null,
            "tags_all": {},
            "timeouts": null,
            "transit_encryption_enabled": true,
            "user_group_ids": null
          },
          "sensitive_attributes": [
            [
              {
                "type": "get_attr",
                "value": "auth_token"
              }
            ]
          ],
          "private": "eyJlMmJmYjczMC1lY2FhLTExZTYtOGY4OC0zNDM2M2JjN2M0YzAiOnsiY3JlYXRlIjozNjAwMDAwMDAwMDAwLCJkZWxldGUiOjI0MDAwMDAwMDAwMDAsInVwZGF0ZSI6MjQwMDAwMDAwMDAwMH0sInNjaGVtYV92ZXJzaW9uIjoiMiJ9",
          "dependencies": [
            "data.terraform_remote_state.nautible_aws_platform",
            "module.nautible_aws_app.module.order.aws_elasticache_subnet_group.order_elasticache_subnet_group",
            "module.nautible_aws_app.module.order.aws_security_group.order_elasticache_sg",
            "module.nautible_aws_app.module.order.data.aws_ssm_parameter.order_elasticache_password"
          ]
        }
      ]
    },
    {
      "module": "module.nautible_aws_app.module.order",
      "mode": "managed",
      "type": "aws_elasticache_subnet_group",
      "name": "order_elasticache_subnet_group",
      "provider": "provider[\"registry.terraform.io/hashicorp/aws\"]",
      "instances": [
        {
          "schema_version": 0,
          "attributes": {
            "arn": "arn:aws:elasticache:ap-northeast-1:324837360224:subnetgroup:order-elasticache-subnet-group",
            "description": "Managed by Terraform",
            "id": "order-elasticache-subnet-group",
            "name": "order-elasticache-subnet-group",
            "subnet_ids": [
              "subnet-015b53e7747c78939",
              "subnet-06d396127d9983e95"
            ],
            "tags": null,
            "tags_all": {}
          },
          "sensitive_attributes": [],
          "private": "bnVsbA==",
          "dependencies": [
            "data.terraform_remote_state.nautible_aws_platform"
          ]
        }
      ]
    },
    {
      "module": "module.nautible_aws_app.module.order",
      "mode": "managed",
      "type": "aws_route53_record",
      "name": "order_statestore_r53record",
      "provider": "provider[\"registry.terraform.io/hashicorp/aws\"]",
      "instances": [
        {
          "schema_version": 2,
          "attributes": {
            "alias": [],
            "allow_overwrite": null,
            "cidr_routing_policy": [],
            "failover_routing_policy": [],
            "fqdn": "order-statestore.vpc.nautible-dev.com",
            "geolocation_routing_policy": [],
            "health_check_id": "",
            "id": "Z00238161HH7D931IK6N6_order-statestore.vpc.nautible-dev.com_CNAME",
            "latency_routing_policy": [],
            "multivalue_answer_routing_policy": false,
            "name": "order-statestore.vpc.nautible-dev.com",
            "records": [
              "master.order-statestore.6furdf.apne1.cache.amazonaws.com"
            ],
            "set_identifier": "",
            "ttl": 300,
            "type": "CNAME",
            "weighted_routing_policy": [],
            "zone_id": "Z00238161HH7D931IK6N6"
          },
          "sensitive_attributes": [],
          "private": "eyJzY2hlbWFfdmVyc2lvbiI6IjIifQ==",
          "dependencies": [
            "data.terraform_remote_state.nautible_aws_platform",
            "module.nautible_aws_app.module.order.aws_elasticache_replication_group.order_elasticache_replication_group",
            "module.nautible_aws_app.module.order.aws_elasticache_subnet_group.order_elasticache_subnet_group",
            "module.nautible_aws_app.module.order.aws_security_group.order_elasticache_sg",
            "module.nautible_aws_app.module.order.data.aws_ssm_parameter.order_elasticache_password"
          ]
        }
      ]
    },
    {
      "module": "module.nautible_aws_app.module.order",
      "mode": "managed",
      "type": "aws_security_group",
      "name": "order_elasticache_sg",
      "provider": "provider[\"registry.terraform.io/hashicorp/aws\"]",
      "instances": [
        {
          "schema_version": 1,
          "attributes": {
            "arn": "arn:aws:ec2:ap-northeast-1:324837360224:security-group/sg-0d3f6cfd3e845951d",
            "description": "security group for statestore",
            "egress": [
              {
                "cidr_blocks": [
                  "0.0.0.0/0"
                ],
                "description": "",
                "from_port": 0,
                "ipv6_cidr_blocks": [],
                "prefix_list_ids": [],
                "protocol": "-1",
                "security_groups": [],
                "self": false,
                "to_port": 0
              }
            ],
            "id": "sg-0d3f6cfd3e845951d",
            "ingress": [
              {
                "cidr_blocks": [],
                "description": "",
                "from_port": 6379,
                "ipv6_cidr_blocks": [],
                "prefix_list_ids": [],
                "protocol": "tcp",
                "security_groups": [
                  "sg-07469101841467b3d"
                ],
                "self": false,
                "to_port": 6379
              }
            ],
            "name": "nautible-app-dev-order-statestore-sg",
            "name_prefix": "",
            "owner_id": "324837360224",
            "revoke_rules_on_delete": false,
            "tags": null,
            "tags_all": {},
            "timeouts": null,
            "vpc_id": "vpc-049f0f44c02dc9ee4"
          },
          "sensitive_attributes": [],
          "private": "eyJlMmJmYjczMC1lY2FhLTExZTYtOGY4OC0zNDM2M2JjN2M0YzAiOnsiY3JlYXRlIjo2MDAwMDAwMDAwMDAsImRlbGV0ZSI6OTAwMDAwMDAwMDAwfSwic2NoZW1hX3ZlcnNpb24iOiIxIn0=",
          "dependencies": [
            "data.terraform_remote_state.nautible_aws_platform"
          ]
        }
      ]
    },
    {
      "module": "module.nautible_aws_app.module.order",
      "mode": "managed",
      "type": "aws_sns_topic",
      "name": "order_sns_topic_create_order_reply",
      "provider": "provider[\"registry.terraform.io/hashicorp/aws\"]",
      "instances": [
        {
          "schema_version": 0,
          "attributes": {
            "application_failure_feedback_role_arn": "",
            "application_success_feedback_role_arn": "",
            "application_success_feedback_sample_rate": 0,
            "archive_policy": "",
            "arn": "arn:aws:sns:ap-northeast-1:324837360224:create-order-reply",
            "beginning_archive_time": "",
            "content_based_deduplication": false,
            "delivery_policy": "",
            "display_name": "",
            "fifo_topic": false,
            "firehose_failure_feedback_role_arn": "",
            "firehose_success_feedback_role_arn": "",
            "firehose_success_feedback_sample_rate": 0,
            "http_failure_feedback_role_arn": "",
            "http_success_feedback_role_arn": "",
            "http_success_feedback_sample_rate": 0,
            "id": "arn:aws:sns:ap-northeast-1:324837360224:create-order-reply",
            "kms_master_key_id": "",
            "lambda_failure_feedback_role_arn": "",
            "lambda_success_feedback_role_arn": "",
            "lambda_success_feedback_sample_rate": 0,
            "name": "create-order-reply",
            "name_prefix": "",
            "owner": "324837360224",
            "policy": "{\"Id\":\"__default_policy_ID\",\"Statement\":[{\"Action\":[\"SNS:GetTopicAttributes\",\"SNS:SetTopicAttributes\",\"SNS:AddPermission\",\"SNS:RemovePermission\",\"SNS:DeleteTopic\",\"SNS:Subscribe\",\"SNS:ListSubscriptionsByTopic\",\"SNS:Publish\"],\"Condition\":{\"StringEquals\":{\"AWS:SourceOwner\":\"324837360224\"}},\"Effect\":\"Allow\",\"Principal\":{\"AWS\":\"*\"},\"Resource\":\"arn:aws:sns:ap-northeast-1:324837360224:create-order-reply\",\"Sid\":\"__default_statement_ID\"}],\"Version\":\"2008-10-17\"}",
            "signature_version": 0,
            "sqs_failure_feedback_role_arn": "",
            "sqs_success_feedback_role_arn": "",
            "sqs_success_feedback_sample_rate": 0,
            "tags": {
              "dapr-topic-name": "create-order-reply"
            },
            "tags_all": {
              "dapr-topic-name": "create-order-reply"
            },
            "tracing_config": ""
          },
          "sensitive_attributes": [],
          "private": "bnVsbA=="
        }
      ]
    },
    {
      "module": "module.nautible_aws_app.module.order",
      "mode": "managed",
      "type": "aws_sns_topic_subscription",
      "name": "order_topic_subscription_create_order_reply",
      "provider": "provider[\"registry.terraform.io/hashicorp/aws\"]",
      "instances": [
        {
          "schema_version": 0,
          "attributes": {
            "arn": "arn:aws:sns:ap-northeast-1:324837360224:create-order-reply:5474d209-d81d-4b72-a377-8088c8e29da5",
            "confirmation_timeout_in_minutes": 1,
            "confirmation_was_authenticated": true,
            "delivery_policy": "",
            "endpoint": "arn:aws:sqs:ap-northeast-1:324837360224:nautible-app-ms-order",
            "endpoint_auto_confirms": false,
            "filter_policy": "",
            "filter_policy_scope": "",
            "id": "arn:aws:sns:ap-northeast-1:324837360224:create-order-reply:5474d209-d81d-4b72-a377-8088c8e29da5",
            "owner_id": "324837360224",
            "pending_confirmation": false,
            "protocol": "sqs",
            "raw_message_delivery": false,
            "redrive_policy": "",
            "replay_policy": "",
            "subscription_role_arn": "",
            "topic_arn": "arn:aws:sns:ap-northeast-1:324837360224:create-order-reply"
          },
          "sensitive_attributes": [],
          "private": "bnVsbA==",
          "dependencies": [
            "module.nautible_aws_app.module.order.aws_sns_topic.order_sns_topic_create_order_reply",
            "module.nautible_aws_app.module.order.aws_sqs_queue.order_sqs_dapr_pubsub"
          ]
        }
      ]
    },
    {
      "module": "module.nautible_aws_app.module.order",
      "mode": "managed",
      "type": "aws_sqs_queue",
      "name": "order_sqs_dapr_pubsub",
      "provider": "provider[\"registry.terraform.io/hashicorp/aws\"]",
      "instances": [
        {
          "schema_version": 0,
          "attributes": {
            "arn": "arn:aws:sqs:ap-northeast-1:324837360224:nautible-app-ms-order",
            "content_based_deduplication": false,
            "deduplication_scope": "",
            "delay_seconds": 0,
            "fifo_queue": false,
            "fifo_throughput_limit": "",
            "id": "https://sqs.ap-northeast-1.amazonaws.com/324837360224/nautible-app-ms-order",
            "kms_data_key_reuse_period_seconds": 300,
            "kms_master_key_id": "",
            "max_message_size": 262144,
            "message_retention_seconds": 345600,
            "name": "nautible-app-ms-order",
            "name_prefix": "",
            "policy": "",
            "receive_wait_time_seconds": 0,
            "redrive_allow_policy": "",
            "redrive_policy": "",
            "sqs_managed_sse_enabled": true,
            "tags": {
              "dapr-queue-name": "nautible-app-ms-order"
            },
            "tags_all": {
              "dapr-queue-name": "nautible-app-ms-order"
            },
            "url": "https://sqs.ap-northeast-1.amazonaws.com/324837360224/nautible-app-ms-order",
            "visibility_timeout_seconds": 30
          },
          "sensitive_attributes": [],
          "private": "bnVsbA=="
        }
      ]
    },
    {
      "module": "module.nautible_aws_app.module.payment",
      "mode": "managed",
      "type": "aws_dynamodb_table",
      "name": "credit-payment",
      "provider": "provider[\"registry.terraform.io/hashicorp/aws\"]",
      "instances": [
        {
          "schema_version": 1,
          "attributes": {
            "arn": "arn:aws:dynamodb:ap-northeast-1:324837360224:table/CreditPayment",
            "attribute": [
              {
                "name": "AcceptNo",
                "type": "S"
              }
            ],
            "billing_mode": "PROVISIONED",
            "deletion_protection_enabled": false,
            "global_secondary_index": [],
            "hash_key": "AcceptNo",
            "id": "CreditPayment",
            "import_table": [],
            "local_secondary_index": [],
            "name": "CreditPayment",
            "point_in_time_recovery": [
              {
                "enabled": false
              }
            ],
            "range_key": null,
            "read_capacity": 1,
            "replica": [],
            "restore_date_time": null,
            "restore_source_name": null,
            "restore_to_latest_time": null,
            "server_side_encryption": [],
            "stream_arn": "",
            "stream_enabled": false,
            "stream_label": "",
            "stream_view_type": "",
            "table_class": "STANDARD",
            "tags": null,
            "tags_all": {},
            "timeouts": null,
            "ttl": [
              {
                "attribute_name": "",
                "enabled": false
              }
            ],
            "write_capacity": 1
          },
          "sensitive_attributes": [],
          "private": "eyJlMmJmYjczMC1lY2FhLTExZTYtOGY4OC0zNDM2M2JjN2M0YzAiOnsiY3JlYXRlIjoxODAwMDAwMDAwMDAwLCJkZWxldGUiOjYwMDAwMDAwMDAwMCwidXBkYXRlIjozNjAwMDAwMDAwMDAwfSwic2NoZW1hX3ZlcnNpb24iOiIxIn0="
        }
      ]
    },
    {
      "module": "module.nautible_aws_app.module.payment",
      "mode": "managed",
      "type": "aws_dynamodb_table",
      "name": "payment",
      "provider": "provider[\"registry.terraform.io/hashicorp/aws\"]",
      "instances": [
        {
          "schema_version": 1,
          "attributes": {
            "arn": "arn:aws:dynamodb:ap-northeast-1:324837360224:table/Payment",
            "attribute": [
              {
                "name": "CustomerId",
                "type": "N"
              },
              {
                "name": "OrderDate",
                "type": "S"
              },
              {
                "name": "OrderNo",
                "type": "S"
              }
            ],
            "billing_mode": "PROVISIONED",
            "deletion_protection_enabled": false,
            "global_secondary_index": [
              {
                "hash_key": "CustomerId",
                "name": "GSI-CustomerId",
                "non_key_attributes": [],
                "projection_type": "ALL",
                "range_key": "OrderDate",
                "read_capacity": 1,
                "write_capacity": 1
              }
            ],
            "hash_key": "OrderNo",
            "id": "Payment",
            "import_table": [],
            "local_secondary_index": [],
            "name": "Payment",
            "point_in_time_recovery": [
              {
                "enabled": false
              }
            ],
            "range_key": null,
            "read_capacity": 1,
            "replica": [],
            "restore_date_time": null,
            "restore_source_name": null,
            "restore_to_latest_time": null,
            "server_side_encryption": [],
            "stream_arn": "",
            "stream_enabled": false,
            "stream_label": "",
            "stream_view_type": "",
            "table_class": "STANDARD",
            "tags": null,
            "tags_all": {},
            "timeouts": null,
            "ttl": [
              {
                "attribute_name": "",
                "enabled": false
              }
            ],
            "write_capacity": 1
          },
          "sensitive_attributes": [],
          "private": "eyJlMmJmYjczMC1lY2FhLTExZTYtOGY4OC0zNDM2M2JjN2M0YzAiOnsiY3JlYXRlIjoxODAwMDAwMDAwMDAwLCJkZWxldGUiOjYwMDAwMDAwMDAwMCwidXBkYXRlIjozNjAwMDAwMDAwMDAwfSwic2NoZW1hX3ZlcnNpb24iOiIxIn0="
        }
      ]
    },
    {
      "module": "module.nautible_aws_app.module.payment",
      "mode": "managed",
      "type": "aws_dynamodb_table",
      "name": "payment-allocate-history",
      "provider": "provider[\"registry.terraform.io/hashicorp/aws\"]",
      "instances": [
        {
          "schema_version": 1,
          "attributes": {
            "arn": "arn:aws:dynamodb:ap-northeast-1:324837360224:table/PaymentAllocateHistory",
            "attribute": [
              {
                "name": "RequestId",
                "type": "S"
              }
            ],
            "billing_mode": "PROVISIONED",
            "deletion_protection_enabled": false,
            "global_secondary_index": [],
            "hash_key": "RequestId",
            "id": "PaymentAllocateHistory",
            "import_table": [],
            "local_secondary_index": [],
            "name": "PaymentAllocateHistory",
            "point_in_time_recovery": [
              {
                "enabled": false
              }
            ],
            "range_key": null,
            "read_capacity": 1,
            "replica": [],
            "restore_date_time": null,
            "restore_source_name": null,
            "restore_to_latest_time": null,
            "server_side_encryption": [],
            "stream_arn": "",
            "stream_enabled": false,
            "stream_label": "",
            "stream_view_type": "",
            "table_class": "STANDARD",
            "tags": null,
            "tags_all": {},
            "timeouts": null,
            "ttl": [
              {
                "attribute_name": "",
                "enabled": false
              }
            ],
            "write_capacity": 1
          },
          "sensitive_attributes": [],
          "private": "eyJlMmJmYjczMC1lY2FhLTExZTYtOGY4OC0zNDM2M2JjN2M0YzAiOnsiY3JlYXRlIjoxODAwMDAwMDAwMDAwLCJkZWxldGUiOjYwMDAwMDAwMDAwMCwidXBkYXRlIjozNjAwMDAwMDAwMDAwfSwic2NoZW1hX3ZlcnNpb24iOiIxIn0="
        }
      ]
    },
    {
      "module": "module.nautible_aws_app.module.payment",
      "mode": "managed",
      "type": "aws_sns_topic",
      "name": "payment_sns_topic_payment_create",
      "provider": "provider[\"registry.terraform.io/hashicorp/aws\"]",
      "instances": [
        {
          "schema_version": 0,
          "attributes": {
            "application_failure_feedback_role_arn": "",
            "application_success_feedback_role_arn": "",
            "application_success_feedback_sample_rate": 0,
            "archive_policy": "",
            "arn": "arn:aws:sns:ap-northeast-1:324837360224:payment-create",
            "beginning_archive_time": "",
            "content_based_deduplication": false,
            "delivery_policy": "",
            "display_name": "",
            "fifo_topic": false,
            "firehose_failure_feedback_role_arn": "",
            "firehose_success_feedback_role_arn": "",
            "firehose_success_feedback_sample_rate": 0,
            "http_failure_feedback_role_arn": "",
            "http_success_feedback_role_arn": "",
            "http_success_feedback_sample_rate": 0,
            "id": "arn:aws:sns:ap-northeast-1:324837360224:payment-create",
            "kms_master_key_id": "",
            "lambda_failure_feedback_role_arn": "",
            "lambda_success_feedback_role_arn": "",
            "lambda_success_feedback_sample_rate": 0,
            "name": "payment-create",
            "name_prefix": "",
            "owner": "324837360224",
            "policy": "{\"Id\":\"__default_policy_ID\",\"Statement\":[{\"Action\":[\"SNS:GetTopicAttributes\",\"SNS:SetTopicAttributes\",\"SNS:AddPermission\",\"SNS:RemovePermission\",\"SNS:DeleteTopic\",\"SNS:Subscribe\",\"SNS:ListSubscriptionsByTopic\",\"SNS:Publish\"],\"Condition\":{\"StringEquals\":{\"AWS:SourceOwner\":\"324837360224\"}},\"Effect\":\"Allow\",\"Principal\":{\"AWS\":\"*\"},\"Resource\":\"arn:aws:sns:ap-northeast-1:324837360224:payment-create\",\"Sid\":\"__default_statement_ID\"}],\"Version\":\"2008-10-17\"}",
            "signature_version": 0,
            "sqs_failure_feedback_role_arn": "",
            "sqs_success_feedback_role_arn": "",
            "sqs_success_feedback_sample_rate": 0,
            "tags": {
              "dapr-topic-name": "payment-create"
            },
            "tags_all": {
              "dapr-topic-name": "payment-create"
            },
            "tracing_config": ""
          },
          "sensitive_attributes": [],
          "private": "bnVsbA=="
        }
      ]
    },
    {
      "module": "module.nautible_aws_app.module.payment",
      "mode": "managed",
      "type": "aws_sns_topic",
      "name": "payment_sns_topic_payment_reject_create",
      "provider": "provider[\"registry.terraform.io/hashicorp/aws\"]",
      "instances": [
        {
          "schema_version": 0,
          "attributes": {
            "application_failure_feedback_role_arn": "",
            "application_success_feedback_role_arn": "",
            "application_success_feedback_sample_rate": 0,
            "archive_policy": "",
            "arn": "arn:aws:sns:ap-northeast-1:324837360224:payment-reject-create",
            "beginning_archive_time": "",
            "content_based_deduplication": false,
            "delivery_policy": "",
            "display_name": "",
            "fifo_topic": false,
            "firehose_failure_feedback_role_arn": "",
            "firehose_success_feedback_role_arn": "",
            "firehose_success_feedback_sample_rate": 0,
            "http_failure_feedback_role_arn": "",
            "http_success_feedback_role_arn": "",
            "http_success_feedback_sample_rate": 0,
            "id": "arn:aws:sns:ap-northeast-1:324837360224:payment-reject-create",
            "kms_master_key_id": "",
            "lambda_failure_feedback_role_arn": "",
            "lambda_success_feedback_role_arn": "",
            "lambda_success_feedback_sample_rate": 0,
            "name": "payment-reject-create",
            "name_prefix": "",
            "owner": "324837360224",
            "policy": "{\"Id\":\"__default_policy_ID\",\"Statement\":[{\"Action\":[\"SNS:GetTopicAttributes\",\"SNS:SetTopicAttributes\",\"SNS:AddPermission\",\"SNS:RemovePermission\",\"SNS:DeleteTopic\",\"SNS:Subscribe\",\"SNS:ListSubscriptionsByTopic\",\"SNS:Publish\"],\"Condition\":{\"StringEquals\":{\"AWS:SourceOwner\":\"324837360224\"}},\"Effect\":\"Allow\",\"Principal\":{\"AWS\":\"*\"},\"Resource\":\"arn:aws:sns:ap-northeast-1:324837360224:payment-reject-create\",\"Sid\":\"__default_statement_ID\"}],\"Version\":\"2008-10-17\"}",
            "signature_version": 0,
            "sqs_failure_feedback_role_arn": "",
            "sqs_success_feedback_role_arn": "",
            "sqs_success_feedback_sample_rate": 0,
            "tags": {
              "dapr-topic-name": "payment-reject-create"
            },
            "tags_all": {
              "dapr-topic-name": "payment-reject-create"
            },
            "tracing_config": ""
          },
          "sensitive_attributes": [],
          "private": "bnVsbA=="
        }
      ]
    },
    {
      "module": "module.nautible_aws_app.module.payment",
      "mode": "managed",
      "type": "aws_sns_topic_subscription",
      "name": "payment_topic_subscription_payment_create",
      "provider": "provider[\"registry.terraform.io/hashicorp/aws\"]",
      "instances": [
        {
          "schema_version": 0,
          "attributes": {
            "arn": "arn:aws:sns:ap-northeast-1:324837360224:payment-create:860cdcbf-6183-43b5-a899-42abbbfb502a",
            "confirmation_timeout_in_minutes": 1,
            "confirmation_was_authenticated": true,
            "delivery_policy": "",
            "endpoint": "arn:aws:sqs:ap-northeast-1:324837360224:nautible-app-ms-payment",
            "endpoint_auto_confirms": false,
            "filter_policy": "",
            "filter_policy_scope": "",
            "id": "arn:aws:sns:ap-northeast-1:324837360224:payment-create:860cdcbf-6183-43b5-a899-42abbbfb502a",
            "owner_id": "324837360224",
            "pending_confirmation": false,
            "protocol": "sqs",
            "raw_message_delivery": false,
            "redrive_policy": "",
            "replay_policy": "",
            "subscription_role_arn": "",
            "topic_arn": "arn:aws:sns:ap-northeast-1:324837360224:payment-create"
          },
          "sensitive_attributes": [],
          "private": "bnVsbA==",
          "dependencies": [
            "module.nautible_aws_app.module.payment.aws_sns_topic.payment_sns_topic_payment_create",
            "module.nautible_aws_app.module.payment.aws_sqs_queue.payment_sqs_dapr_pubsub"
          ]
        }
      ]
    },
    {
      "module": "module.nautible_aws_app.module.payment",
      "mode": "managed",
      "type": "aws_sns_topic_subscription",
      "name": "payment_topic_subscription_payment_reject_create",
      "provider": "provider[\"registry.terraform.io/hashicorp/aws\"]",
      "instances": [
        {
          "schema_version": 0,
          "attributes": {
            "arn": "arn:aws:sns:ap-northeast-1:324837360224:payment-reject-create:3dcc8650-9059-40c5-99d2-191aaf6f001b",
            "confirmation_timeout_in_minutes": 1,
            "confirmation_was_authenticated": true,
            "delivery_policy": "",
            "endpoint": "arn:aws:sqs:ap-northeast-1:324837360224:nautible-app-ms-payment",
            "endpoint_auto_confirms": false,
            "filter_policy": "",
            "filter_policy_scope": "",
            "id": "arn:aws:sns:ap-northeast-1:324837360224:payment-reject-create:3dcc8650-9059-40c5-99d2-191aaf6f001b",
            "owner_id": "324837360224",
            "pending_confirmation": false,
            "protocol": "sqs",
            "raw_message_delivery": false,
            "redrive_policy": "",
            "replay_policy": "",
            "subscription_role_arn": "",
            "topic_arn": "arn:aws:sns:ap-northeast-1:324837360224:payment-reject-create"
          },
          "sensitive_attributes": [],
          "private": "bnVsbA==",
          "dependencies": [
            "module.nautible_aws_app.module.payment.aws_sns_topic.payment_sns_topic_payment_reject_create",
            "module.nautible_aws_app.module.payment.aws_sqs_queue.payment_sqs_dapr_pubsub"
          ]
        }
      ]
    },
    {
      "module": "module.nautible_aws_app.module.payment",
      "mode": "managed",
      "type": "aws_sqs_queue",
      "name": "payment_sqs_dapr_pubsub",
      "provider": "provider[\"registry.terraform.io/hashicorp/aws\"]",
      "instances": [
        {
          "schema_version": 0,
          "attributes": {
            "arn": "arn:aws:sqs:ap-northeast-1:324837360224:nautible-app-ms-payment",
            "content_based_deduplication": false,
            "deduplication_scope": "",
            "delay_seconds": 0,
            "fifo_queue": false,
            "fifo_throughput_limit": "",
            "id": "https://sqs.ap-northeast-1.amazonaws.com/324837360224/nautible-app-ms-payment",
            "kms_data_key_reuse_period_seconds": 300,
            "kms_master_key_id": "",
            "max_message_size": 262144,
            "message_retention_seconds": 345600,
            "name": "nautible-app-ms-payment",
            "name_prefix": "",
            "policy": "",
            "receive_wait_time_seconds": 0,
            "redrive_allow_policy": "",
            "redrive_policy": "",
            "sqs_managed_sse_enabled": true,
            "tags": {
              "dapr-queue-name": "nautible-app-ms-payment"
            },
            "tags_all": {
              "dapr-queue-name": "nautible-app-ms-payment"
            },
            "url": "https://sqs.ap-northeast-1.amazonaws.com/324837360224/nautible-app-ms-payment",
            "visibility_timeout_seconds": 30
          },
          "sensitive_attributes": [],
          "private": "bnVsbA=="
        }
      ]
    },
    {
      "module": "module.nautible_aws_app.module.product",
      "mode": "data",
      "type": "aws_ssm_parameter",
      "name": "product_db_password",
      "provider": "provider[\"registry.terraform.io/hashicorp/aws\"]",
      "instances": [
        {
          "schema_version": 0,
          "attributes": {
            "arn": "arn:aws:ssm:ap-northeast-1:324837360224:parameter/nautible-app-ms-product-db-password",
            "id": "nautible-app-ms-product-db-password",
            "insecure_value": "rootpassw0rd",
            "name": "nautible-app-ms-product-db-password",
            "type": "String",
            "value": "rootpassw0rd",
            "version": 1,
            "with_decryption": true
          },
          "sensitive_attributes": []
        }
      ]
    },
    {
      "module": "module.nautible_aws_app.module.product",
      "mode": "data",
      "type": "aws_ssm_parameter",
      "name": "product_db_user",
      "provider": "provider[\"registry.terraform.io/hashicorp/aws\"]",
      "instances": [
        {
          "schema_version": 0,
          "attributes": {
            "arn": "arn:aws:ssm:ap-northeast-1:324837360224:parameter/nautible-app-ms-product-db-user",
            "id": "nautible-app-ms-product-db-user",
            "insecure_value": "root",
            "name": "nautible-app-ms-product-db-user",
            "type": "String",
            "value": "root",
            "version": 1,
            "with_decryption": true
          },
          "sensitive_attributes": []
        }
      ]
    },
    {
      "module": "module.nautible_aws_app.module.product",
      "mode": "managed",
      "type": "aws_db_instance",
      "name": "product_db",
      "provider": "provider[\"registry.terraform.io/hashicorp/aws\"]",
      "instances": [
        {
          "schema_version": 2,
          "attributes": {
            "address": "product-db.c5cgsoz3weyf.ap-northeast-1.rds.amazonaws.com",
            "allocated_storage": 5,
            "allow_major_version_upgrade": null,
            "apply_immediately": false,
            "arn": "arn:aws:rds:ap-northeast-1:324837360224:db:product-db",
            "auto_minor_version_upgrade": true,
            "availability_zone": "ap-northeast-1c",
            "backup_retention_period": 1,
            "backup_target": "region",
            "backup_window": "16:34-17:04",
            "blue_green_update": [],
            "ca_cert_identifier": "rds-ca-rsa2048-g1",
            "character_set_name": "",
            "copy_tags_to_snapshot": false,
            "custom_iam_instance_profile": "",
            "customer_owned_ip_enabled": false,
            "db_name": "productdb",
            "db_subnet_group_name": "nautible-app-dev-product-db-dbsubnet",
            "delete_automated_backups": true,
            "deletion_protection": false,
            "domain": "",
            "domain_iam_role_name": "",
            "enabled_cloudwatch_logs_exports": null,
            "endpoint": "product-db.c5cgsoz3weyf.ap-northeast-1.rds.amazonaws.com:3306",
            "engine": "mysql",
            "engine_version": "8.0.36",
            "engine_version_actual": "8.0.36",
            "final_snapshot_identifier": "product-db-final-snapshot",
            "hosted_zone_id": "Z24O6O9L7SGTNB",
            "iam_database_authentication_enabled": false,
            "id": "db-N6COCDB2TDZXSRWEQLALEJD62Y",
            "identifier": "product-db",
            "identifier_prefix": "",
            "instance_class": "db.t3.micro",
            "iops": 0,
            "kms_key_id": "",
            "latest_restorable_time": "2024-09-06T01:47:50Z",
            "license_model": "general-public-license",
            "listener_endpoint": [],
            "maintenance_window": "tue:19:15-tue:19:45",
            "manage_master_user_password": null,
            "master_user_secret": [],
            "master_user_secret_kms_key_id": null,
            "max_allocated_storage": 0,
            "monitoring_interval": 0,
            "monitoring_role_arn": "",
            "multi_az": false,
            "nchar_character_set_name": "",
            "network_type": "IPV4",
            "option_group_name": "default:mysql-8-0",
            "parameter_group_name": "product-db-dbpg",
            "password": "rootpassw0rd",
            "performance_insights_enabled": false,
            "performance_insights_kms_key_id": "",
            "performance_insights_retention_period": 0,
            "port": 3306,
            "publicly_accessible": false,
            "replica_mode": "",
            "replicas": [],
            "replicate_source_db": "",
            "resource_id": "db-N6COCDB2TDZXSRWEQLALEJD62Y",
            "restore_to_point_in_time": [],
            "s3_import": [],
            "skip_final_snapshot": false,
            "snapshot_identifier": null,
            "status": "available",
            "storage_encrypted": false,
            "storage_throughput": 0,
            "storage_type": "gp2",
            "tags": null,
            "tags_all": {},
            "timeouts": null,
            "timezone": "",
            "username": "root",
            "vpc_security_group_ids": [
              "sg-0a13b0384f310bf44"
            ]
          },
          "sensitive_attributes": [
            [
              {
                "type": "get_attr",
                "value": "password"
              }
            ],
            [
              {
                "type": "get_attr",
                "value": "username"
              }
            ]
          ],
          "private": "eyJlMmJmYjczMC1lY2FhLTExZTYtOGY4OC0zNDM2M2JjN2M0YzAiOnsiY3JlYXRlIjoyNDAwMDAwMDAwMDAwLCJkZWxldGUiOjM2MDAwMDAwMDAwMDAsInVwZGF0ZSI6NDgwMDAwMDAwMDAwMH0sInNjaGVtYV92ZXJzaW9uIjoiMiJ9",
          "dependencies": [
            "data.terraform_remote_state.nautible_aws_platform",
            "module.nautible_aws_app.module.product.aws_db_parameter_group.product_db_dbpg",
            "module.nautible_aws_app.module.product.aws_db_subnet_group.product_db_dbsubnet",
            "module.nautible_aws_app.module.product.aws_security_group.product_db_sg",
            "module.nautible_aws_app.module.product.data.aws_ssm_parameter.product_db_password",
            "module.nautible_aws_app.module.product.data.aws_ssm_parameter.product_db_user"
          ]
        }
      ]
    },
    {
      "module": "module.nautible_aws_app.module.product",
      "mode": "managed",
      "type": "aws_db_parameter_group",
      "name": "product_db_dbpg",
      "provider": "provider[\"registry.terraform.io/hashicorp/aws\"]",
      "instances": [
        {
          "schema_version": 0,
          "attributes": {
            "arn": "arn:aws:rds:ap-northeast-1:324837360224:pg:product-db-dbpg",
            "description": "db parameter group for product-db",
            "family": "mysql8.0",
            "id": "product-db-dbpg",
            "name": "product-db-dbpg",
            "name_prefix": null,
            "parameter": [
              {
                "apply_method": "immediate",
                "name": "character_set_client",
                "value": "utf8mb4"
              },
              {
                "apply_method": "immediate",
                "name": "character_set_connection",
                "value": "utf8mb4"
              },
              {
                "apply_method": "immediate",
                "name": "character_set_database",
                "value": "utf8mb4"
              },
              {
                "apply_method": "immediate",
                "name": "character_set_filesystem",
                "value": "utf8mb4"
              },
              {
                "apply_method": "immediate",
                "name": "character_set_results",
                "value": "utf8mb4"
              },
              {
                "apply_method": "immediate",
                "name": "character_set_server",
                "value": "utf8mb4"
              },
              {
                "apply_method": "immediate",
                "name": "collation_connection",
                "value": "utf8mb4_general_ci"
              },
              {
                "apply_method": "immediate",
                "name": "collation_server",
                "value": "utf8mb4_general_ci"
              },
              {
                "apply_method": "immediate",
                "name": "time_zone",
                "value": "Asia/Tokyo"
              }
            ],
            "tags": null,
            "tags_all": {}
          },
          "sensitive_attributes": [],
          "private": "bnVsbA=="
        }
      ]
    },
    {
      "module": "module.nautible_aws_app.module.product",
      "mode": "managed",
      "type": "aws_db_subnet_group",
      "name": "product_db_dbsubnet",
      "provider": "provider[\"registry.terraform.io/hashicorp/aws\"]",
      "instances": [
        {
          "schema_version": 0,
          "attributes": {
            "arn": "arn:aws:rds:ap-northeast-1:324837360224:subgrp:nautible-app-dev-product-db-dbsubnet",
            "description": "db subnet group on vpc",
            "id": "nautible-app-dev-product-db-dbsubnet",
            "name": "nautible-app-dev-product-db-dbsubnet",
            "name_prefix": "",
            "subnet_ids": [
              "subnet-015b53e7747c78939",
              "subnet-06d396127d9983e95"
            ],
            "supported_network_types": [
              "IPV4"
            ],
            "tags": null,
            "tags_all": {},
            "vpc_id": "vpc-049f0f44c02dc9ee4"
          },
          "sensitive_attributes": [],
          "private": "bnVsbA==",
          "dependencies": [
            "data.terraform_remote_state.nautible_aws_platform"
          ]
        }
      ]
    },
    {
      "module": "module.nautible_aws_app.module.product",
      "mode": "managed",
      "type": "aws_route53_record",
      "name": "product_db_r53record",
      "provider": "provider[\"registry.terraform.io/hashicorp/aws\"]",
      "instances": [
        {
          "schema_version": 2,
          "attributes": {
            "alias": [],
            "allow_overwrite": null,
            "cidr_routing_policy": [],
            "failover_routing_policy": [],
            "fqdn": "product-db.vpc.nautible-dev.com",
            "geolocation_routing_policy": [],
            "health_check_id": "",
            "id": "Z00238161HH7D931IK6N6_product-db.vpc.nautible-dev.com_CNAME",
            "latency_routing_policy": [],
            "multivalue_answer_routing_policy": false,
            "name": "product-db.vpc.nautible-dev.com",
            "records": [
              "product-db.c5cgsoz3weyf.ap-northeast-1.rds.amazonaws.com"
            ],
            "set_identifier": "",
            "ttl": 300,
            "type": "CNAME",
            "weighted_routing_policy": [],
            "zone_id": "Z00238161HH7D931IK6N6"
          },
          "sensitive_attributes": [],
          "private": "eyJzY2hlbWFfdmVyc2lvbiI6IjIifQ==",
          "dependencies": [
            "data.terraform_remote_state.nautible_aws_platform",
            "module.nautible_aws_app.module.product.aws_db_instance.product_db",
            "module.nautible_aws_app.module.product.aws_db_parameter_group.product_db_dbpg",
            "module.nautible_aws_app.module.product.aws_db_subnet_group.product_db_dbsubnet",
            "module.nautible_aws_app.module.product.aws_security_group.product_db_sg",
            "module.nautible_aws_app.module.product.data.aws_ssm_parameter.product_db_password",
            "module.nautible_aws_app.module.product.data.aws_ssm_parameter.product_db_user"
          ]
        }
      ]
    },
    {
      "module": "module.nautible_aws_app.module.product",
      "mode": "managed",
      "type": "aws_security_group",
      "name": "product_db_sg",
      "provider": "provider[\"registry.terraform.io/hashicorp/aws\"]",
      "instances": [
        {
          "schema_version": 1,
          "attributes": {
            "arn": "arn:aws:ec2:ap-northeast-1:324837360224:security-group/sg-0a13b0384f310bf44",
            "description": "security group on product db",
            "egress": [],
            "id": "sg-0a13b0384f310bf44",
            "ingress": [],
            "name": "nautible-app-dev-product-db-sg",
            "name_prefix": "",
            "owner_id": "324837360224",
            "revoke_rules_on_delete": false,
            "tags": null,
            "tags_all": {},
            "timeouts": null,
            "vpc_id": "vpc-049f0f44c02dc9ee4"
          },
          "sensitive_attributes": [],
          "private": "eyJlMmJmYjczMC1lY2FhLTExZTYtOGY4OC0zNDM2M2JjN2M0YzAiOnsiY3JlYXRlIjo2MDAwMDAwMDAwMDAsImRlbGV0ZSI6OTAwMDAwMDAwMDAwfSwic2NoZW1hX3ZlcnNpb24iOiIxIn0=",
          "dependencies": [
            "data.terraform_remote_state.nautible_aws_platform"
          ]
        }
      ]
    },
    {
      "module": "module.nautible_aws_app.module.product",
      "mode": "managed",
      "type": "aws_security_group_rule",
      "name": "product_db_inbound_jdbc",
      "provider": "provider[\"registry.terraform.io/hashicorp/aws\"]",
      "instances": [
        {
          "index_key": "sg-07469101841467b3d",
          "schema_version": 2,
          "attributes": {
            "cidr_blocks": null,
            "description": null,
            "from_port": 3306,
            "id": "sgrule-3944317679",
            "ipv6_cidr_blocks": null,
            "prefix_list_ids": null,
            "protocol": "tcp",
            "security_group_id": "sg-0a13b0384f310bf44",
            "security_group_rule_id": "sgr-0d3d78da2385d9127",
            "self": false,
            "source_security_group_id": "sg-07469101841467b3d",
            "timeouts": null,
            "to_port": 3306,
            "type": "ingress"
          },
          "sensitive_attributes": [],
          "private": "eyJlMmJmYjczMC1lY2FhLTExZTYtOGY4OC0zNDM2M2JjN2M0YzAiOnsiY3JlYXRlIjozMDAwMDAwMDAwMDB9LCJzY2hlbWFfdmVyc2lvbiI6IjIifQ==",
          "dependencies": [
            "data.terraform_remote_state.nautible_aws_platform",
            "module.nautible_aws_app.module.product.aws_security_group.product_db_sg"
          ]
        }
      ]
    },
    {
      "module": "module.nautible_aws_app.module.product",
      "mode": "managed",
      "type": "aws_security_group_rule",
      "name": "product_db_outbound_all",
      "provider": "provider[\"registry.terraform.io/hashicorp/aws\"]",
      "instances": [
        {
          "schema_version": 2,
          "attributes": {
            "cidr_blocks": [
              "0.0.0.0/0"
            ],
            "description": null,
            "from_port": 0,
            "id": "sgrule-3186646629",
            "ipv6_cidr_blocks": null,
            "prefix_list_ids": null,
            "protocol": "-1",
            "security_group_id": "sg-0a13b0384f310bf44",
            "security_group_rule_id": "sgr-08c49360ee951bd03",
            "self": false,
            "source_security_group_id": null,
            "timeouts": null,
            "to_port": 0,
            "type": "egress"
          },
          "sensitive_attributes": [],
          "private": "eyJlMmJmYjczMC1lY2FhLTExZTYtOGY4OC0zNDM2M2JjN2M0YzAiOnsiY3JlYXRlIjozMDAwMDAwMDAwMDB9LCJzY2hlbWFfdmVyc2lvbiI6IjIifQ==",
          "dependencies": [
            "data.terraform_remote_state.nautible_aws_platform",
            "module.nautible_aws_app.module.product.aws_security_group.product_db_sg"
          ]
        }
      ]
    },
    {
      "module": "module.nautible_aws_app.module.stock",
      "mode": "managed",
      "type": "aws_dynamodb_table",
      "name": "stock",
      "provider": "provider[\"registry.terraform.io/hashicorp/aws\"]",
      "instances": [
        {
          "schema_version": 1,
          "attributes": {
            "arn": "arn:aws:dynamodb:ap-northeast-1:324837360224:table/Stock",
            "attribute": [
              {
                "name": "Id",
                "type": "N"
              }
            ],
            "billing_mode": "PROVISIONED",
            "deletion_protection_enabled": false,
            "global_secondary_index": [],
            "hash_key": "Id",
            "id": "Stock",
            "import_table": [],
            "local_secondary_index": [],
            "name": "Stock",
            "point_in_time_recovery": [
              {
                "enabled": false
              }
            ],
            "range_key": null,
            "read_capacity": 1,
            "replica": [],
            "restore_date_time": null,
            "restore_source_name": null,
            "restore_to_latest_time": null,
            "server_side_encryption": [],
            "stream_arn": "",
            "stream_enabled": false,
            "stream_label": "",
            "stream_view_type": "",
            "table_class": "STANDARD",
            "tags": null,
            "tags_all": {},
            "timeouts": null,
            "ttl": [
              {
                "attribute_name": "",
                "enabled": false
              }
            ],
            "write_capacity": 1
          },
          "sensitive_attributes": [],
          "private": "eyJlMmJmYjczMC1lY2FhLTExZTYtOGY4OC0zNDM2M2JjN2M0YzAiOnsiY3JlYXRlIjoxODAwMDAwMDAwMDAwLCJkZWxldGUiOjYwMDAwMDAwMDAwMCwidXBkYXRlIjozNjAwMDAwMDAwMDAwfSwic2NoZW1hX3ZlcnNpb24iOiIxIn0="
        }
      ]
    },
    {
      "module": "module.nautible_aws_app.module.stock",
      "mode": "managed",
      "type": "aws_dynamodb_table",
      "name": "stock_allocate_history",
      "provider": "provider[\"registry.terraform.io/hashicorp/aws\"]",
      "instances": [
        {
          "schema_version": 1,
          "attributes": {
            "arn": "arn:aws:dynamodb:ap-northeast-1:324837360224:table/StockAllocateHistory",
            "attribute": [
              {
                "name": "ProductId",
                "type": "N"
              },
              {
                "name": "RequestId",
                "type": "S"
              }
            ],
            "billing_mode": "PROVISIONED",
            "deletion_protection_enabled": false,
            "global_secondary_index": [],
            "hash_key": "RequestId",
            "id": "StockAllocateHistory",
            "import_table": [],
            "local_secondary_index": [],
            "name": "StockAllocateHistory",
            "point_in_time_recovery": [
              {
                "enabled": false
              }
            ],
            "range_key": "ProductId",
            "read_capacity": 1,
            "replica": [],
            "restore_date_time": null,
            "restore_source_name": null,
            "restore_to_latest_time": null,
            "server_side_encryption": [],
            "stream_arn": "",
            "stream_enabled": false,
            "stream_label": "",
            "stream_view_type": "",
            "table_class": "STANDARD",
            "tags": null,
            "tags_all": {},
            "timeouts": null,
            "ttl": [
              {
                "attribute_name": "",
                "enabled": false
              }
            ],
            "write_capacity": 1
          },
          "sensitive_attributes": [],
          "private": "eyJlMmJmYjczMC1lY2FhLTExZTYtOGY4OC0zNDM2M2JjN2M0YzAiOnsiY3JlYXRlIjoxODAwMDAwMDAwMDAwLCJkZWxldGUiOjYwMDAwMDAwMDAwMCwidXBkYXRlIjozNjAwMDAwMDAwMDAwfSwic2NoZW1hX3ZlcnNpb24iOiIxIn0="
        }
      ]
    },
    {
      "module": "module.nautible_aws_app.module.stock",
      "mode": "managed",
      "type": "aws_sns_topic",
      "name": "stock_sns_topic_stock_approve_allocate",
      "provider": "provider[\"registry.terraform.io/hashicorp/aws\"]",
      "instances": [
        {
          "schema_version": 0,
          "attributes": {
            "application_failure_feedback_role_arn": "",
            "application_success_feedback_role_arn": "",
            "application_success_feedback_sample_rate": 0,
            "archive_policy": "",
            "arn": "arn:aws:sns:ap-northeast-1:324837360224:stock-approve-allocate",
            "beginning_archive_time": "",
            "content_based_deduplication": false,
            "delivery_policy": "",
            "display_name": "",
            "fifo_topic": false,
            "firehose_failure_feedback_role_arn": "",
            "firehose_success_feedback_role_arn": "",
            "firehose_success_feedback_sample_rate": 0,
            "http_failure_feedback_role_arn": "",
            "http_success_feedback_role_arn": "",
            "http_success_feedback_sample_rate": 0,
            "id": "arn:aws:sns:ap-northeast-1:324837360224:stock-approve-allocate",
            "kms_master_key_id": "",
            "lambda_failure_feedback_role_arn": "",
            "lambda_success_feedback_role_arn": "",
            "lambda_success_feedback_sample_rate": 0,
            "name": "stock-approve-allocate",
            "name_prefix": "",
            "owner": "324837360224",
            "policy": "{\"Id\":\"__default_policy_ID\",\"Statement\":[{\"Action\":[\"SNS:GetTopicAttributes\",\"SNS:SetTopicAttributes\",\"SNS:AddPermission\",\"SNS:RemovePermission\",\"SNS:DeleteTopic\",\"SNS:Subscribe\",\"SNS:ListSubscriptionsByTopic\",\"SNS:Publish\"],\"Condition\":{\"StringEquals\":{\"AWS:SourceOwner\":\"324837360224\"}},\"Effect\":\"Allow\",\"Principal\":{\"AWS\":\"*\"},\"Resource\":\"arn:aws:sns:ap-northeast-1:324837360224:stock-approve-allocate\",\"Sid\":\"__default_statement_ID\"}],\"Version\":\"2008-10-17\"}",
            "signature_version": 0,
            "sqs_failure_feedback_role_arn": "",
            "sqs_success_feedback_role_arn": "",
            "sqs_success_feedback_sample_rate": 0,
            "tags": {
              "dapr-topic-name": "stock-approve-allocate"
            },
            "tags_all": {
              "dapr-topic-name": "stock-approve-allocate"
            },
            "tracing_config": ""
          },
          "sensitive_attributes": [],
          "private": "bnVsbA=="
        }
      ]
    },
    {
      "module": "module.nautible_aws_app.module.stock",
      "mode": "managed",
      "type": "aws_sns_topic",
      "name": "stock_sns_topic_stock_reject_allocate",
      "provider": "provider[\"registry.terraform.io/hashicorp/aws\"]",
      "instances": [
        {
          "schema_version": 0,
          "attributes": {
            "application_failure_feedback_role_arn": "",
            "application_success_feedback_role_arn": "",
            "application_success_feedback_sample_rate": 0,
            "archive_policy": "",
            "arn": "arn:aws:sns:ap-northeast-1:324837360224:stock-reject-allocate",
            "beginning_archive_time": "",
            "content_based_deduplication": false,
            "delivery_policy": "",
            "display_name": "",
            "fifo_topic": false,
            "firehose_failure_feedback_role_arn": "",
            "firehose_success_feedback_role_arn": "",
            "firehose_success_feedback_sample_rate": 0,
            "http_failure_feedback_role_arn": "",
            "http_success_feedback_role_arn": "",
            "http_success_feedback_sample_rate": 0,
            "id": "arn:aws:sns:ap-northeast-1:324837360224:stock-reject-allocate",
            "kms_master_key_id": "",
            "lambda_failure_feedback_role_arn": "",
            "lambda_success_feedback_role_arn": "",
            "lambda_success_feedback_sample_rate": 0,
            "name": "stock-reject-allocate",
            "name_prefix": "",
            "owner": "324837360224",
            "policy": "{\"Id\":\"__default_policy_ID\",\"Statement\":[{\"Action\":[\"SNS:GetTopicAttributes\",\"SNS:SetTopicAttributes\",\"SNS:AddPermission\",\"SNS:RemovePermission\",\"SNS:DeleteTopic\",\"SNS:Subscribe\",\"SNS:ListSubscriptionsByTopic\",\"SNS:Publish\"],\"Condition\":{\"StringEquals\":{\"AWS:SourceOwner\":\"324837360224\"}},\"Effect\":\"Allow\",\"Principal\":{\"AWS\":\"*\"},\"Resource\":\"arn:aws:sns:ap-northeast-1:324837360224:stock-reject-allocate\",\"Sid\":\"__default_statement_ID\"}],\"Version\":\"2008-10-17\"}",
            "signature_version": 0,
            "sqs_failure_feedback_role_arn": "",
            "sqs_success_feedback_role_arn": "",
            "sqs_success_feedback_sample_rate": 0,
            "tags": {
              "dapr-topic-name": "stock-reject-allocate"
            },
            "tags_all": {
              "dapr-topic-name": "stock-reject-allocate"
            },
            "tracing_config": ""
          },
          "sensitive_attributes": [],
          "private": "bnVsbA=="
        }
      ]
    },
    {
      "module": "module.nautible_aws_app.module.stock",
      "mode": "managed",
      "type": "aws_sns_topic",
      "name": "stock_sns_topic_stock_reserve_allocate",
      "provider": "provider[\"registry.terraform.io/hashicorp/aws\"]",
      "instances": [
        {
          "schema_version": 0,
          "attributes": {
            "application_failure_feedback_role_arn": "",
            "application_success_feedback_role_arn": "",
            "application_success_feedback_sample_rate": 0,
            "archive_policy": "",
            "arn": "arn:aws:sns:ap-northeast-1:324837360224:stock-reserve-allocate",
            "beginning_archive_time": "",
            "content_based_deduplication": false,
            "delivery_policy": "",
            "display_name": "",
            "fifo_topic": false,
            "firehose_failure_feedback_role_arn": "",
            "firehose_success_feedback_role_arn": "",
            "firehose_success_feedback_sample_rate": 0,
            "http_failure_feedback_role_arn": "",
            "http_success_feedback_role_arn": "",
            "http_success_feedback_sample_rate": 0,
            "id": "arn:aws:sns:ap-northeast-1:324837360224:stock-reserve-allocate",
            "kms_master_key_id": "",
            "lambda_failure_feedback_role_arn": "",
            "lambda_success_feedback_role_arn": "",
            "lambda_success_feedback_sample_rate": 0,
            "name": "stock-reserve-allocate",
            "name_prefix": "",
            "owner": "324837360224",
            "policy": "{\"Id\":\"__default_policy_ID\",\"Statement\":[{\"Action\":[\"SNS:GetTopicAttributes\",\"SNS:SetTopicAttributes\",\"SNS:AddPermission\",\"SNS:RemovePermission\",\"SNS:DeleteTopic\",\"SNS:Subscribe\",\"SNS:ListSubscriptionsByTopic\",\"SNS:Publish\"],\"Condition\":{\"StringEquals\":{\"AWS:SourceOwner\":\"324837360224\"}},\"Effect\":\"Allow\",\"Principal\":{\"AWS\":\"*\"},\"Resource\":\"arn:aws:sns:ap-northeast-1:324837360224:stock-reserve-allocate\",\"Sid\":\"__default_statement_ID\"}],\"Version\":\"2008-10-17\"}",
            "signature_version": 0,
            "sqs_failure_feedback_role_arn": "",
            "sqs_success_feedback_role_arn": "",
            "sqs_success_feedback_sample_rate": 0,
            "tags": {
              "dapr-topic-name": "stock-reserve-allocate"
            },
            "tags_all": {
              "dapr-topic-name": "stock-reserve-allocate"
            },
            "tracing_config": ""
          },
          "sensitive_attributes": [],
          "private": "bnVsbA=="
        }
      ]
    },
    {
      "module": "module.nautible_aws_app.module.stock",
      "mode": "managed",
      "type": "aws_sns_topic_subscription",
      "name": "stock_topic_subscription_stock_approve_allocate",
      "provider": "provider[\"registry.terraform.io/hashicorp/aws\"]",
      "instances": [
        {
          "schema_version": 0,
          "attributes": {
            "arn": "arn:aws:sns:ap-northeast-1:324837360224:stock-approve-allocate:b6b577db-2a30-4ddf-94cc-78bf41e74fd6",
            "confirmation_timeout_in_minutes": 1,
            "confirmation_was_authenticated": true,
            "delivery_policy": "",
            "endpoint": "arn:aws:sqs:ap-northeast-1:324837360224:nautible-app-ms-stock",
            "endpoint_auto_confirms": false,
            "filter_policy": "",
            "filter_policy_scope": "",
            "id": "arn:aws:sns:ap-northeast-1:324837360224:stock-approve-allocate:b6b577db-2a30-4ddf-94cc-78bf41e74fd6",
            "owner_id": "324837360224",
            "pending_confirmation": false,
            "protocol": "sqs",
            "raw_message_delivery": false,
            "redrive_policy": "",
            "replay_policy": "",
            "subscription_role_arn": "",
            "topic_arn": "arn:aws:sns:ap-northeast-1:324837360224:stock-approve-allocate"
          },
          "sensitive_attributes": [],
          "private": "bnVsbA==",
          "dependencies": [
            "module.nautible_aws_app.module.stock.aws_sns_topic.stock_sns_topic_stock_approve_allocate",
            "module.nautible_aws_app.module.stock.aws_sqs_queue.stock_sqs_dapr_pubsub"
          ]
        }
      ]
    },
    {
      "module": "module.nautible_aws_app.module.stock",
      "mode": "managed",
      "type": "aws_sns_topic_subscription",
      "name": "stock_topic_subscription_stock_reject_allocate",
      "provider": "provider[\"registry.terraform.io/hashicorp/aws\"]",
      "instances": [
        {
          "schema_version": 0,
          "attributes": {
            "arn": "arn:aws:sns:ap-northeast-1:324837360224:stock-reject-allocate:2c76a439-bd43-4716-b784-bb2eb65430b2",
            "confirmation_timeout_in_minutes": 1,
            "confirmation_was_authenticated": true,
            "delivery_policy": "",
            "endpoint": "arn:aws:sqs:ap-northeast-1:324837360224:nautible-app-ms-stock",
            "endpoint_auto_confirms": false,
            "filter_policy": "",
            "filter_policy_scope": "",
            "id": "arn:aws:sns:ap-northeast-1:324837360224:stock-reject-allocate:2c76a439-bd43-4716-b784-bb2eb65430b2",
            "owner_id": "324837360224",
            "pending_confirmation": false,
            "protocol": "sqs",
            "raw_message_delivery": false,
            "redrive_policy": "",
            "replay_policy": "",
            "subscription_role_arn": "",
            "topic_arn": "arn:aws:sns:ap-northeast-1:324837360224:stock-reject-allocate"
          },
          "sensitive_attributes": [],
          "private": "bnVsbA==",
          "dependencies": [
            "module.nautible_aws_app.module.stock.aws_sns_topic.stock_sns_topic_stock_reject_allocate",
            "module.nautible_aws_app.module.stock.aws_sqs_queue.stock_sqs_dapr_pubsub"
          ]
        }
      ]
    },
    {
      "module": "module.nautible_aws_app.module.stock",
      "mode": "managed",
      "type": "aws_sns_topic_subscription",
      "name": "stock_topic_subscription_stock_reserve_allocate",
      "provider": "provider[\"registry.terraform.io/hashicorp/aws\"]",
      "instances": [
        {
          "schema_version": 0,
          "attributes": {
            "arn": "arn:aws:sns:ap-northeast-1:324837360224:stock-reserve-allocate:1d030fd0-0d4f-431e-835c-2c3028060e12",
            "confirmation_timeout_in_minutes": 1,
            "confirmation_was_authenticated": true,
            "delivery_policy": "",
            "endpoint": "arn:aws:sqs:ap-northeast-1:324837360224:nautible-app-ms-stock",
            "endpoint_auto_confirms": false,
            "filter_policy": "",
            "filter_policy_scope": "",
            "id": "arn:aws:sns:ap-northeast-1:324837360224:stock-reserve-allocate:1d030fd0-0d4f-431e-835c-2c3028060e12",
            "owner_id": "324837360224",
            "pending_confirmation": false,
            "protocol": "sqs",
            "raw_message_delivery": false,
            "redrive_policy": "",
            "replay_policy": "",
            "subscription_role_arn": "",
            "topic_arn": "arn:aws:sns:ap-northeast-1:324837360224:stock-reserve-allocate"
          },
          "sensitive_attributes": [],
          "private": "bnVsbA==",
          "dependencies": [
            "module.nautible_aws_app.module.stock.aws_sns_topic.stock_sns_topic_stock_reserve_allocate",
            "module.nautible_aws_app.module.stock.aws_sqs_queue.stock_sqs_dapr_pubsub"
          ]
        }
      ]
    },
    {
      "module": "module.nautible_aws_app.module.stock",
      "mode": "managed",
      "type": "aws_sqs_queue",
      "name": "stock_sqs_dapr_pubsub",
      "provider": "provider[\"registry.terraform.io/hashicorp/aws\"]",
      "instances": [
        {
          "schema_version": 0,
          "attributes": {
            "arn": "arn:aws:sqs:ap-northeast-1:324837360224:nautible-app-ms-stock",
            "content_based_deduplication": false,
            "deduplication_scope": "",
            "delay_seconds": 0,
            "fifo_queue": false,
            "fifo_throughput_limit": "",
            "id": "https://sqs.ap-northeast-1.amazonaws.com/324837360224/nautible-app-ms-stock",
            "kms_data_key_reuse_period_seconds": 300,
            "kms_master_key_id": "",
            "max_message_size": 262144,
            "message_retention_seconds": 345600,
            "name": "nautible-app-ms-stock",
            "name_prefix": "",
            "policy": "",
            "receive_wait_time_seconds": 0,
            "redrive_allow_policy": "",
            "redrive_policy": "",
            "sqs_managed_sse_enabled": true,
            "tags": {
              "dapr-queue-name": "nautible-app-ms-stock"
            },
            "tags_all": {
              "dapr-queue-name": "nautible-app-ms-stock"
            },
            "url": "https://sqs.ap-northeast-1.amazonaws.com/324837360224/nautible-app-ms-stock",
            "visibility_timeout_seconds": 30
          },
          "sensitive_attributes": [],
          "private": "bnVsbA=="
        }
      ]
    }
  ],
  "check_results": null
}
